
Microsoft Visual Studio Solution File, Format Version 12.00
# Visual Studio 2013
VisualStudioVersion = 12.0.31101.0
MinimumVisualStudioVersion = 10.0.40219.1
Project("{FAE04EC0-301F-11D3-BF4B-00C04F79EFBC}") = "RecipeHelper.GUI", "RecipeHelper.GUI\RecipeHelper.GUI.csproj", "{6836E31A-BE86-4AF8-9B56-E4C35A8D1C20}"
EndProject
Project("{FAE04EC0-301F-11D3-BF4B-00C04F79EFBC}") = "RecipeHelper.Library", "RecipeHelper.Library\RecipeHelper.Library.csproj", "{ABB865B0-F080-426A-AB31-D6DAFD65494A}"
EndProject
Project("{FAE04EC0-301F-11D3-BF4B-00C04F79EFBC}") = "RecipeHelper.SDK", "RecipeHelper.SDK\RecipeHelper.SDK.csproj", "{815E8D3C-D5F7-4B28-9910-B54ADA151E09}"
EndProject
Project("{FAE04EC0-301F-11D3-BF4B-00C04F79EFBC}") = "RecipeHelper.ViewModel", "RecipeHelper.ViewModel\RecipeHelper.ViewModel.csproj", "{3B5CAC16-9598-4B7D-B839-D315EFA00168}"
EndProject
Project("{FAE04EC0-301F-11D3-BF4B-00C04F79EFBC}") = "RecipeHelper.Utils", "RecipeHelper.Utils\RecipeHelper.Utils.csproj", "{B5B64F3E-822E-43A5-8C74-BD91BAFD49E8}"
EndProject
Global
	GlobalSection(SolutionConfigurationPlatforms) = preSolution
		Debug|Any CPU = Debug|Any CPU
		Release|Any CPU = Release|Any CPU
	EndGlobalSection
	GlobalSection(ProjectConfigurationPlatforms) = postSolution
		{6836E31A-BE86-4AF8-9B56-E4C35A8D1C20}.Debug|Any CPU.ActiveCfg = Debug|Any CPU
		{6836E31A-BE86-4AF8-9B56-E4C35A8D1C20}.Debug|Any CPU.Build.0 = Debug|Any CPU
		{6836E31A-BE86-4AF8-9B56-E4C35A8D1C20}.Release|Any CPU.ActiveCfg = Release|Any CPU
		{6836E31A-BE86-4AF8-9B56-E4C35A8D1C20}.Release|Any CPU.Build.0 = Release|Any CPU
		{ABB865B0-F080-426A-AB31-D6DAFD65494A}.Debug|Any CPU.ActiveCfg = Debug|Any CPU
		{ABB865B0-F080-426A-AB31-D6DAFD65494A}.Debug|Any CPU.Build.0 = Debug|Any CPU
		{ABB865B0-F080-426A-AB31-D6DAFD65494A}.Release|Any CPU.ActiveCfg = Release|Any CPU
		{ABB865B0-F080-426A-AB31-D6DAFD65494A}.Release|Any CPU.Build.0 = Release|Any CPU
		{815E8D3C-D5F7-4B28-9910-B54ADA151E09}.Debug|Any CPU.ActiveCfg = Debug|Any CPU
		{815E8D3C-D5F7-4B28-9910-B54ADA151E09}.Debug|Any CPU.Build.0 = Debug|Any CPU
		{815E8D3C-D5F7-4B28-9910-B54ADA151E09}.Release|Any CPU.ActiveCfg = Release|Any CPU
		{815E8D3C-D5F7-4B28-9910-B54ADA151E09}.Release|Any CPU.Build.0 = Release|Any CPU
		{3B5CAC16-9598-4B7D-B839-D315EFA00168}.Debug|Any CPU.ActiveCfg = Debug|Any CPU
		{3B5CAC16-9598-4B7D-B839-D315EFA00168}.Debug|Any CPU.Build.0 = Debug|Any CPU
		{3B5CAC16-9598-4B7D-B839-D315EFA00168}.Release|Any CPU.ActiveCfg = Release|Any CPU
		{3B5CAC16-9598-4B7D-B839-D315EFA00168}.Release|Any CPU.Build.0 = Release|Any CPU
		{B5B64F3E-822E-43A5-8C74-BD91BAFD49E8}.Debug|Any CPU.ActiveCfg = Debug|Any CPU
		{B5B64F3E-822E-43A5-8C74-BD91BAFD49E8}.Debug|Any CPU.Build.0 = Debug|Any CPU
		{B5B64F3E-822E-43A5-8C74-BD91BAFD49E8}.Release|Any CPU.ActiveCfg = Release|Any CPU
		{B5B64F3E-822E-43A5-8C74-BD91BAFD49E8}.Release|Any CPU.Build.0 = Release|Any CPU
	EndGlobalSection
	GlobalSection(SolutionProperties) = preSolution
		HideSolutionNode = FALSE
	EndGlobalSection
EndGlobal
